
Microsoft Visual Studio Solution File, Format Version 12.00
# Visual Studio 14
VisualStudioVersion = 14.0.25115.1
MinimumVisualStudioVersion = 10.0.40219.1
Project("{FAE04EC0-301F-11D3-BF4B-00C04F79EFBC}") = "Json.Schema", "Json.Schema\Json.Schema.csproj", "{4DA17661-563A-45EE-9731-EEA9360F6C5D}"
EndProject
Project("{FAE04EC0-301F-11D3-BF4B-00C04F79EFBC}") = "Json.Schema.UnitTests", "Json.Schema.UnitTests\Json.Schema.UnitTests.csproj", "{55223B39-FA1A-4838-AB9B-A7B60A7C1BCE}"
EndProject
Project("{2150E333-8FDC-42A3-9474-1A3956D46DE8}") = "Solution Items", "Solution Items", "{C72F6F90-B31B-4847-8DE6-8869DB1A7E5D}"
	ProjectSection(SolutionItems) = preProject
		build.props = build.props
		..\BuildAndTest.cmd = ..\BuildAndTest.cmd
		build\CommonAssemblyInfo.cs = build\CommonAssemblyInfo.cs
		build\CopyRoslynImplementationAssemblies.targets = build\CopyRoslynImplementationAssemblies.targets
		build\CreateNuGetPackage.targets = build\CreateNuGetPackage.targets
		build\CurrentVersion.xml = build\CurrentVersion.xml
		build\Get-VersionConstants.ps1 = build\Get-VersionConstants.ps1
		build\New-NuGetPackage.ps1 = build\New-NuGetPackage.ps1
		build\New-VersionConstantsFile.ps1 = build\New-VersionConstantsFile.ps1
		build\Publish-NuGetPackages.ps1 = build\Publish-NuGetPackages.ps1
	EndProjectSection
EndProject
Project("{FAE04EC0-301F-11D3-BF4B-00C04F79EFBC}") = "JsonSchemaToDotNet", "JsonSchemaToDotNet\JsonSchemaToDotNet.csproj", "{BC2D0831-21D6-4586-B045-CADF22430850}"
EndProject
Project("{FAE04EC0-301F-11D3-BF4B-00C04F79EFBC}") = "Json.Schema.ToDotNet", "Json.Schema.ToDotNet\Json.Schema.ToDotNet.csproj", "{D9489164-0B7D-4F90-9E3E-339238A86542}"
EndProject
Project("{FAE04EC0-301F-11D3-BF4B-00C04F79EFBC}") = "Json.Schema.ToDotNet.UnitTests", "Json.Schema.ToDotNet.UnitTests\Json.Schema.ToDotNet.UnitTests.csproj", "{1B28A331-1C49-41EC-976A-8D3B8F232ED1}"
EndProject
Project("{FAE04EC0-301F-11D3-BF4B-00C04F79EFBC}") = "Json.Schema.ValidationSuiteTests", "Json.Schema.ValidationSuiteTests\Json.Schema.ValidationSuiteTests.csproj", "{A3364755-B20A-494E-9C33-379855D460C9}"
EndProject
Project("{FAE04EC0-301F-11D3-BF4B-00C04F79EFBC}") = "JsonSchemaValidator", "JsonSchemaValidator\JsonSchemaValidator.csproj", "{99D12428-9972-4203-9771-4AC5BD99C904}"
EndProject
Project("{FAE04EC0-301F-11D3-BF4B-00C04F79EFBC}") = "Json.Schema.PerformanceTests", "Json.Schema.PerformanceTests\Json.Schema.PerformanceTests.csproj", "{5A97235E-053E-47E9-BBA4-B29C30E208FC}"
EndProject
Project("{FAE04EC0-301F-11D3-BF4B-00C04F79EFBC}") = "Json.Schema.TestUtilities", "Json.Schema.TestUtilities\Json.Schema.TestUtilities.csproj", "{6D6133A4-8098-4210-99BE-5CA01EB833B1}"
EndProject
Project("{FAE04EC0-301F-11D3-BF4B-00C04F79EFBC}") = "Json.Pointer", "Json.Pointer\Json.Pointer.csproj", "{B365C6DC-E3FD-4F9E-B069-C3BD99D2098D}"
EndProject
Project("{FAE04EC0-301F-11D3-BF4B-00C04F79EFBC}") = "Json.Pointer.UnitTests", "Json.Pointer.UnitTests\Json.Pointer.UnitTests.csproj", "{BEF9C2E2-FC05-4D1D-944E-5A7E8F94F250}"
EndProject
Global
	GlobalSection(SolutionConfigurationPlatforms) = preSolution
		Debug|Any CPU = Debug|Any CPU
		Release|Any CPU = Release|Any CPU
	EndGlobalSection
	GlobalSection(ProjectConfigurationPlatforms) = postSolution
		{4DA17661-563A-45EE-9731-EEA9360F6C5D}.Debug|Any CPU.ActiveCfg = Debug|Any CPU
		{4DA17661-563A-45EE-9731-EEA9360F6C5D}.Debug|Any CPU.Build.0 = Debug|Any CPU
		{4DA17661-563A-45EE-9731-EEA9360F6C5D}.Release|Any CPU.ActiveCfg = Release|Any CPU
		{4DA17661-563A-45EE-9731-EEA9360F6C5D}.Release|Any CPU.Build.0 = Release|Any CPU
		{55223B39-FA1A-4838-AB9B-A7B60A7C1BCE}.Debug|Any CPU.ActiveCfg = Debug|Any CPU
		{55223B39-FA1A-4838-AB9B-A7B60A7C1BCE}.Debug|Any CPU.Build.0 = Debug|Any CPU
		{55223B39-FA1A-4838-AB9B-A7B60A7C1BCE}.Release|Any CPU.ActiveCfg = Release|Any CPU
		{55223B39-FA1A-4838-AB9B-A7B60A7C1BCE}.Release|Any CPU.Build.0 = Release|Any CPU
		{BC2D0831-21D6-4586-B045-CADF22430850}.Debug|Any CPU.ActiveCfg = Debug|Any CPU
		{BC2D0831-21D6-4586-B045-CADF22430850}.Debug|Any CPU.Build.0 = Debug|Any CPU
		{BC2D0831-21D6-4586-B045-CADF22430850}.Release|Any CPU.ActiveCfg = Release|Any CPU
		{BC2D0831-21D6-4586-B045-CADF22430850}.Release|Any CPU.Build.0 = Release|Any CPU
		{D9489164-0B7D-4F90-9E3E-339238A86542}.Debug|Any CPU.ActiveCfg = Debug|Any CPU
		{D9489164-0B7D-4F90-9E3E-339238A86542}.Debug|Any CPU.Build.0 = Debug|Any CPU
		{D9489164-0B7D-4F90-9E3E-339238A86542}.Release|Any CPU.ActiveCfg = Release|Any CPU
		{D9489164-0B7D-4F90-9E3E-339238A86542}.Release|Any CPU.Build.0 = Release|Any CPU
		{1B28A331-1C49-41EC-976A-8D3B8F232ED1}.Debug|Any CPU.ActiveCfg = Debug|Any CPU
		{1B28A331-1C49-41EC-976A-8D3B8F232ED1}.Debug|Any CPU.Build.0 = Debug|Any CPU
		{1B28A331-1C49-41EC-976A-8D3B8F232ED1}.Release|Any CPU.ActiveCfg = Release|Any CPU
		{1B28A331-1C49-41EC-976A-8D3B8F232ED1}.Release|Any CPU.Build.0 = Release|Any CPU
		{A3364755-B20A-494E-9C33-379855D460C9}.Debug|Any CPU.ActiveCfg = Debug|Any CPU
		{A3364755-B20A-494E-9C33-379855D460C9}.Debug|Any CPU.Build.0 = Debug|Any CPU
		{A3364755-B20A-494E-9C33-379855D460C9}.Release|Any CPU.ActiveCfg = Release|Any CPU
		{A3364755-B20A-494E-9C33-379855D460C9}.Release|Any CPU.Build.0 = Release|Any CPU
		{99D12428-9972-4203-9771-4AC5BD99C904}.Debug|Any CPU.ActiveCfg = Debug|Any CPU
		{99D12428-9972-4203-9771-4AC5BD99C904}.Debug|Any CPU.Build.0 = Debug|Any CPU
		{99D12428-9972-4203-9771-4AC5BD99C904}.Release|Any CPU.ActiveCfg = Release|Any CPU
		{99D12428-9972-4203-9771-4AC5BD99C904}.Release|Any CPU.Build.0 = Release|Any CPU
		{5A97235E-053E-47E9-BBA4-B29C30E208FC}.Debug|Any CPU.ActiveCfg = Debug|Any CPU
		{5A97235E-053E-47E9-BBA4-B29C30E208FC}.Debug|Any CPU.Build.0 = Debug|Any CPU
		{5A97235E-053E-47E9-BBA4-B29C30E208FC}.Release|Any CPU.ActiveCfg = Release|Any CPU
		{5A97235E-053E-47E9-BBA4-B29C30E208FC}.Release|Any CPU.Build.0 = Release|Any CPU
		{6D6133A4-8098-4210-99BE-5CA01EB833B1}.Debug|Any CPU.ActiveCfg = Debug|Any CPU
		{6D6133A4-8098-4210-99BE-5CA01EB833B1}.Debug|Any CPU.Build.0 = Debug|Any CPU
		{6D6133A4-8098-4210-99BE-5CA01EB833B1}.Release|Any CPU.ActiveCfg = Release|Any CPU
		{6D6133A4-8098-4210-99BE-5CA01EB833B1}.Release|Any CPU.Build.0 = Release|Any CPU
		{B365C6DC-E3FD-4F9E-B069-C3BD99D2098D}.Debug|Any CPU.ActiveCfg = Debug|Any CPU
		{B365C6DC-E3FD-4F9E-B069-C3BD99D2098D}.Debug|Any CPU.Build.0 = Debug|Any CPU
		{B365C6DC-E3FD-4F9E-B069-C3BD99D2098D}.Release|Any CPU.ActiveCfg = Release|Any CPU
		{B365C6DC-E3FD-4F9E-B069-C3BD99D2098D}.Release|Any CPU.Build.0 = Release|Any CPU
		{BEF9C2E2-FC05-4D1D-944E-5A7E8F94F250}.Debug|Any CPU.ActiveCfg = Debug|Any CPU
		{BEF9C2E2-FC05-4D1D-944E-5A7E8F94F250}.Debug|Any CPU.Build.0 = Debug|Any CPU
		{BEF9C2E2-FC05-4D1D-944E-5A7E8F94F250}.Release|Any CPU.ActiveCfg = Release|Any CPU
		{BEF9C2E2-FC05-4D1D-944E-5A7E8F94F250}.Release|Any CPU.Build.0 = Release|Any CPU
	EndGlobalSection
	GlobalSection(SolutionProperties) = preSolution
		HideSolutionNode = FALSE
	EndGlobalSection
EndGlobal
