Microsoft Visual Studio Solution File, Format Version 12.00
# Visual Studio 15
VisualStudioVersion = 15.0.27130.2010
MinimumVisualStudioVersion = 15.0.26124.0
Project("{9A19103F-16F7-4668-BE54-9A1E7A4F7556}") = "Json.Pointer", "Json.Pointer\Json.Pointer.csproj", "{370BB86D-4EC4-4BA9-BED3-3922B078C692}"
EndProject
Project("{9A19103F-16F7-4668-BE54-9A1E7A4F7556}") = "Json.Pointer.UnitTests", "Json.Pointer.UnitTests\Json.Pointer.UnitTests.csproj", "{59351D9B-AAD3-4412-824B-63F3A6FFB33A}"
EndProject
Project("{FAE04EC0-301F-11D3-BF4B-00C04F79EFBC}") = "Json.Schema", "Json.Schema\Json.Schema.csproj", "{9140ED9D-1A2F-428F-89B4-23B24B545749}"
EndProject
Project("{FAE04EC0-301F-11D3-BF4B-00C04F79EFBC}") = "Json.Schema.TestUtilities", "Json.Schema.TestUtilities\Json.Schema.TestUtilities.csproj", "{44241955-FFA5-452A-93D1-F1B2CB9DE648}"
EndProject
Project("{FAE04EC0-301F-11D3-BF4B-00C04F79EFBC}") = "Json.Schema.UnitTests", "Json.Schema.UnitTests\Json.Schema.UnitTests.csproj", "{5AEBA68C-21F8-42D4-923A-3E0D4926377B}"
EndProject
Project("{FAE04EC0-301F-11D3-BF4B-00C04F79EFBC}") = "Json.Schema.PerformanceTests", "Json.Schema.PerformanceTests\Json.Schema.PerformanceTests.csproj", "{DDBF3382-BE3E-4E09-832B-1D32C9FEBBF0}"
EndProject
Project("{FAE04EC0-301F-11D3-BF4B-00C04F79EFBC}") = "Json.Schema.ToDotNet", "Json.Schema.ToDotNet\Json.Schema.ToDotNet.csproj", "{ABB9FFB4-01DB-4B88-854F-A6D62E5CBA57}"
EndProject
Project("{FAE04EC0-301F-11D3-BF4B-00C04F79EFBC}") = "Json.Schema.ToDotNet.UnitTests", "Json.Schema.ToDotNet.UnitTests\Json.Schema.ToDotNet.UnitTests.csproj", "{8EBA1BE9-4558-4D4B-9BAB-967F080826EA}"
EndProject
Global
	GlobalSection(SolutionConfigurationPlatforms) = preSolution
		Debug|Any CPU = Debug|Any CPU
		Debug|x64 = Debug|x64
		Debug|x86 = Debug|x86
		Release|Any CPU = Release|Any CPU
		Release|x64 = Release|x64
		Release|x86 = Release|x86
	EndGlobalSection
	GlobalSection(ProjectConfigurationPlatforms) = postSolution
		{370BB86D-4EC4-4BA9-BED3-3922B078C692}.Debug|Any CPU.ActiveCfg = Debug|Any CPU
		{370BB86D-4EC4-4BA9-BED3-3922B078C692}.Debug|Any CPU.Build.0 = Debug|Any CPU
		{370BB86D-4EC4-4BA9-BED3-3922B078C692}.Debug|x64.ActiveCfg = Debug|Any CPU
		{370BB86D-4EC4-4BA9-BED3-3922B078C692}.Debug|x64.Build.0 = Debug|Any CPU
		{370BB86D-4EC4-4BA9-BED3-3922B078C692}.Debug|x86.ActiveCfg = Debug|Any CPU
		{370BB86D-4EC4-4BA9-BED3-3922B078C692}.Debug|x86.Build.0 = Debug|Any CPU
		{370BB86D-4EC4-4BA9-BED3-3922B078C692}.Release|Any CPU.ActiveCfg = Release|Any CPU
		{370BB86D-4EC4-4BA9-BED3-3922B078C692}.Release|Any CPU.Build.0 = Release|Any CPU
		{370BB86D-4EC4-4BA9-BED3-3922B078C692}.Release|x64.ActiveCfg = Release|Any CPU
		{370BB86D-4EC4-4BA9-BED3-3922B078C692}.Release|x64.Build.0 = Release|Any CPU
		{370BB86D-4EC4-4BA9-BED3-3922B078C692}.Release|x86.ActiveCfg = Release|Any CPU
		{370BB86D-4EC4-4BA9-BED3-3922B078C692}.Release|x86.Build.0 = Release|Any CPU
		{59351D9B-AAD3-4412-824B-63F3A6FFB33A}.Debug|Any CPU.ActiveCfg = Debug|Any CPU
		{59351D9B-AAD3-4412-824B-63F3A6FFB33A}.Debug|Any CPU.Build.0 = Debug|Any CPU
		{59351D9B-AAD3-4412-824B-63F3A6FFB33A}.Debug|x64.ActiveCfg = Debug|Any CPU
		{59351D9B-AAD3-4412-824B-63F3A6FFB33A}.Debug|x64.Build.0 = Debug|Any CPU
		{59351D9B-AAD3-4412-824B-63F3A6FFB33A}.Debug|x86.ActiveCfg = Debug|Any CPU
		{59351D9B-AAD3-4412-824B-63F3A6FFB33A}.Debug|x86.Build.0 = Debug|Any CPU
		{59351D9B-AAD3-4412-824B-63F3A6FFB33A}.Release|Any CPU.ActiveCfg = Release|Any CPU
		{59351D9B-AAD3-4412-824B-63F3A6FFB33A}.Release|Any CPU.Build.0 = Release|Any CPU
		{59351D9B-AAD3-4412-824B-63F3A6FFB33A}.Release|x64.ActiveCfg = Release|Any CPU
		{59351D9B-AAD3-4412-824B-63F3A6FFB33A}.Release|x64.Build.0 = Release|Any CPU
		{59351D9B-AAD3-4412-824B-63F3A6FFB33A}.Release|x86.ActiveCfg = Release|Any CPU
		{59351D9B-AAD3-4412-824B-63F3A6FFB33A}.Release|x86.Build.0 = Release|Any CPU
		{9140ED9D-1A2F-428F-89B4-23B24B545749}.Debug|Any CPU.ActiveCfg = Debug|Any CPU
		{9140ED9D-1A2F-428F-89B4-23B24B545749}.Debug|Any CPU.Build.0 = Debug|Any CPU
		{9140ED9D-1A2F-428F-89B4-23B24B545749}.Debug|x64.ActiveCfg = Debug|x64
		{9140ED9D-1A2F-428F-89B4-23B24B545749}.Debug|x64.Build.0 = Debug|x64
		{9140ED9D-1A2F-428F-89B4-23B24B545749}.Debug|x86.ActiveCfg = Debug|x86
		{9140ED9D-1A2F-428F-89B4-23B24B545749}.Debug|x86.Build.0 = Debug|x86
		{9140ED9D-1A2F-428F-89B4-23B24B545749}.Release|Any CPU.ActiveCfg = Release|Any CPU
		{9140ED9D-1A2F-428F-89B4-23B24B545749}.Release|Any CPU.Build.0 = Release|Any CPU
		{9140ED9D-1A2F-428F-89B4-23B24B545749}.Release|x64.ActiveCfg = Release|x64
		{9140ED9D-1A2F-428F-89B4-23B24B545749}.Release|x64.Build.0 = Release|x64
		{9140ED9D-1A2F-428F-89B4-23B24B545749}.Release|x86.ActiveCfg = Release|x86
		{9140ED9D-1A2F-428F-89B4-23B24B545749}.Release|x86.Build.0 = Release|x86
		{44241955-FFA5-452A-93D1-F1B2CB9DE648}.Debug|Any CPU.ActiveCfg = Debug|Any CPU
		{44241955-FFA5-452A-93D1-F1B2CB9DE648}.Debug|Any CPU.Build.0 = Debug|Any CPU
		{44241955-FFA5-452A-93D1-F1B2CB9DE648}.Debug|x64.ActiveCfg = Debug|x64
		{44241955-FFA5-452A-93D1-F1B2CB9DE648}.Debug|x64.Build.0 = Debug|x64
		{44241955-FFA5-452A-93D1-F1B2CB9DE648}.Debug|x86.ActiveCfg = Debug|x86
		{44241955-FFA5-452A-93D1-F1B2CB9DE648}.Debug|x86.Build.0 = Debug|x86
		{44241955-FFA5-452A-93D1-F1B2CB9DE648}.Release|Any CPU.ActiveCfg = Release|Any CPU
		{44241955-FFA5-452A-93D1-F1B2CB9DE648}.Release|Any CPU.Build.0 = Release|Any CPU
		{44241955-FFA5-452A-93D1-F1B2CB9DE648}.Release|x64.ActiveCfg = Release|x64
		{44241955-FFA5-452A-93D1-F1B2CB9DE648}.Release|x64.Build.0 = Release|x64
		{44241955-FFA5-452A-93D1-F1B2CB9DE648}.Release|x86.ActiveCfg = Release|x86
		{44241955-FFA5-452A-93D1-F1B2CB9DE648}.Release|x86.Build.0 = Release|x86
		{5AEBA68C-21F8-42D4-923A-3E0D4926377B}.Debug|Any CPU.ActiveCfg = Debug|Any CPU
		{5AEBA68C-21F8-42D4-923A-3E0D4926377B}.Debug|Any CPU.Build.0 = Debug|Any CPU
		{5AEBA68C-21F8-42D4-923A-3E0D4926377B}.Debug|x64.ActiveCfg = Debug|x64
		{5AEBA68C-21F8-42D4-923A-3E0D4926377B}.Debug|x64.Build.0 = Debug|x64
		{5AEBA68C-21F8-42D4-923A-3E0D4926377B}.Debug|x86.ActiveCfg = Debug|x86
		{5AEBA68C-21F8-42D4-923A-3E0D4926377B}.Debug|x86.Build.0 = Debug|x86
		{5AEBA68C-21F8-42D4-923A-3E0D4926377B}.Release|Any CPU.ActiveCfg = Release|Any CPU
		{5AEBA68C-21F8-42D4-923A-3E0D4926377B}.Release|Any CPU.Build.0 = Release|Any CPU
		{5AEBA68C-21F8-42D4-923A-3E0D4926377B}.Release|x64.ActiveCfg = Release|x64
		{5AEBA68C-21F8-42D4-923A-3E0D4926377B}.Release|x64.Build.0 = Release|x64
		{5AEBA68C-21F8-42D4-923A-3E0D4926377B}.Release|x86.ActiveCfg = Release|x86
		{5AEBA68C-21F8-42D4-923A-3E0D4926377B}.Release|x86.Build.0 = Release|x86
		{DDBF3382-BE3E-4E09-832B-1D32C9FEBBF0}.Debug|Any CPU.ActiveCfg = Debug|Any CPU
		{DDBF3382-BE3E-4E09-832B-1D32C9FEBBF0}.Debug|Any CPU.Build.0 = Debug|Any CPU
		{DDBF3382-BE3E-4E09-832B-1D32C9FEBBF0}.Debug|x64.ActiveCfg = Debug|x64
		{DDBF3382-BE3E-4E09-832B-1D32C9FEBBF0}.Debug|x64.Build.0 = Debug|x64
		{DDBF3382-BE3E-4E09-832B-1D32C9FEBBF0}.Debug|x86.ActiveCfg = Debug|x86
		{DDBF3382-BE3E-4E09-832B-1D32C9FEBBF0}.Debug|x86.Build.0 = Debug|x86
		{DDBF3382-BE3E-4E09-832B-1D32C9FEBBF0}.Release|Any CPU.ActiveCfg = Release|Any CPU
		{DDBF3382-BE3E-4E09-832B-1D32C9FEBBF0}.Release|Any CPU.Build.0 = Release|Any CPU
		{DDBF3382-BE3E-4E09-832B-1D32C9FEBBF0}.Release|x64.ActiveCfg = Release|x64
		{DDBF3382-BE3E-4E09-832B-1D32C9FEBBF0}.Release|x64.Build.0 = Release|x64
		{DDBF3382-BE3E-4E09-832B-1D32C9FEBBF0}.Release|x86.ActiveCfg = Release|x86
		{DDBF3382-BE3E-4E09-832B-1D32C9FEBBF0}.Release|x86.Build.0 = Release|x86
		{ABB9FFB4-01DB-4B88-854F-A6D62E5CBA57}.Debug|Any CPU.ActiveCfg = Debug|Any CPU
		{ABB9FFB4-01DB-4B88-854F-A6D62E5CBA57}.Debug|Any CPU.Build.0 = Debug|Any CPU
		{ABB9FFB4-01DB-4B88-854F-A6D62E5CBA57}.Debug|x64.ActiveCfg = Debug|x64
		{ABB9FFB4-01DB-4B88-854F-A6D62E5CBA57}.Debug|x64.Build.0 = Debug|x64
		{ABB9FFB4-01DB-4B88-854F-A6D62E5CBA57}.Debug|x86.ActiveCfg = Debug|x86
		{ABB9FFB4-01DB-4B88-854F-A6D62E5CBA57}.Debug|x86.Build.0 = Debug|x86
		{ABB9FFB4-01DB-4B88-854F-A6D62E5CBA57}.Release|Any CPU.ActiveCfg = Release|Any CPU
		{ABB9FFB4-01DB-4B88-854F-A6D62E5CBA57}.Release|Any CPU.Build.0 = Release|Any CPU
		{ABB9FFB4-01DB-4B88-854F-A6D62E5CBA57}.Release|x64.ActiveCfg = Release|x64
		{ABB9FFB4-01DB-4B88-854F-A6D62E5CBA57}.Release|x64.Build.0 = Release|x64
		{ABB9FFB4-01DB-4B88-854F-A6D62E5CBA57}.Release|x86.ActiveCfg = Release|x86
		{ABB9FFB4-01DB-4B88-854F-A6D62E5CBA57}.Release|x86.Build.0 = Release|x86
		{8EBA1BE9-4558-4D4B-9BAB-967F080826EA}.Debug|Any CPU.ActiveCfg = Debug|Any CPU
		{8EBA1BE9-4558-4D4B-9BAB-967F080826EA}.Debug|Any CPU.Build.0 = Debug|Any CPU
		{8EBA1BE9-4558-4D4B-9BAB-967F080826EA}.Debug|x64.ActiveCfg = Debug|x64
		{8EBA1BE9-4558-4D4B-9BAB-967F080826EA}.Debug|x64.Build.0 = Debug|x64
		{8EBA1BE9-4558-4D4B-9BAB-967F080826EA}.Debug|x86.ActiveCfg = Debug|x86
		{8EBA1BE9-4558-4D4B-9BAB-967F080826EA}.Debug|x86.Build.0 = Debug|x86
		{8EBA1BE9-4558-4D4B-9BAB-967F080826EA}.Release|Any CPU.ActiveCfg = Release|Any CPU
		{8EBA1BE9-4558-4D4B-9BAB-967F080826EA}.Release|Any CPU.Build.0 = Release|Any CPU
		{8EBA1BE9-4558-4D4B-9BAB-967F080826EA}.Release|x64.ActiveCfg = Release|x64
		{8EBA1BE9-4558-4D4B-9BAB-967F080826EA}.Release|x64.Build.0 = Release|x64
		{8EBA1BE9-4558-4D4B-9BAB-967F080826EA}.Release|x86.ActiveCfg = Release|x86
		{8EBA1BE9-4558-4D4B-9BAB-967F080826EA}.Release|x86.Build.0 = Release|x86
	EndGlobalSection
	GlobalSection(SolutionProperties) = preSolution
		HideSolutionNode = FALSE
	EndGlobalSection
	GlobalSection(ExtensibilityGlobals) = postSolution
		SolutionGuid = {DB55D105-DC4A-4D83-A09B-F6C223F623D4}
	EndGlobalSection
EndGlobal
